
Microsoft Visual Studio Solution File, Format Version 12.00
# Visual Studio Version 16
VisualStudioVersion = 25.0.1706.9
MinimumVisualStudioVersion = 10.0.40219.1
Project("{FAE04EC0-301F-11D3-BF4B-00C04F79EFBC}") = "Swifty_Companion", "Swifty_Companion\Swifty_Companion.csproj", "{675D594C-C09B-42BC-B859-D69C5665C1C2}"
EndProject
Global
	GlobalSection(SolutionConfigurationPlatforms) = preSolution
		Debug|Any CPU = Debug|Any CPU
		Release|Any CPU = Release|Any CPU
	EndGlobalSection
	GlobalSection(ProjectConfigurationPlatforms) = postSolution
		{675D594C-C09B-42BC-B859-D69C5665C1C2}.Debug|Any CPU.ActiveCfg = Debug|Any CPU
		{675D594C-C09B-42BC-B859-D69C5665C1C2}.Debug|Any CPU.Build.0 = Debug|Any CPU
		{675D594C-C09B-42BC-B859-D69C5665C1C2}.Release|Any CPU.ActiveCfg = Release|Any CPU
		{675D594C-C09B-42BC-B859-D69C5665C1C2}.Release|Any CPU.Build.0 = Release|Any CPU
	EndGlobalSection
	GlobalSection(SolutionProperties) = preSolution
		HideSolutionNode = FALSE
	EndGlobalSection
	GlobalSection(ExtensibilityGlobals) = postSolution
		SolutionGuid = {03CF6E87-1202-4424-9759-B77C15875160}
	EndGlobalSection
EndGlobal
